
Microsoft Visual Studio Solution File, Format Version 12.00
# Visual Studio Version 16
VisualStudioVersion = 16.0.30907.101
MinimumVisualStudioVersion = 10.0.40219.1
Project("{9A19103F-16F7-4668-BE54-9A1E7A4F7556}") = "StackQL_Demo", "StackQL_Demo\StackQL_Demo.csproj", "{70D210BE-E086-4344-8F23-2FA0F1414B23}"
EndProject
Project("{FAE04EC0-301F-11D3-BF4B-00C04F79EFBC}") = "StackQL", "StackQL\StackQL.csproj", "{316ED515-2040-41A8-AF86-D362F2D60BAF}"
EndProject
Global
	GlobalSection(SolutionConfigurationPlatforms) = preSolution
		Debug|Any CPU = Debug|Any CPU
		Release|Any CPU = Release|Any CPU
	EndGlobalSection
	GlobalSection(ProjectConfigurationPlatforms) = postSolution
		{70D210BE-E086-4344-8F23-2FA0F1414B23}.Debug|Any CPU.ActiveCfg = Debug|Any CPU
		{70D210BE-E086-4344-8F23-2FA0F1414B23}.Debug|Any CPU.Build.0 = Debug|Any CPU
		{70D210BE-E086-4344-8F23-2FA0F1414B23}.Release|Any CPU.ActiveCfg = Release|Any CPU
		{70D210BE-E086-4344-8F23-2FA0F1414B23}.Release|Any CPU.Build.0 = Release|Any CPU
		{316ED515-2040-41A8-AF86-D362F2D60BAF}.Debug|Any CPU.ActiveCfg = Debug|Any CPU
		{316ED515-2040-41A8-AF86-D362F2D60BAF}.Debug|Any CPU.Build.0 = Debug|Any CPU
		{316ED515-2040-41A8-AF86-D362F2D60BAF}.Release|Any CPU.ActiveCfg = Release|Any CPU
		{316ED515-2040-41A8-AF86-D362F2D60BAF}.Release|Any CPU.Build.0 = Release|Any CPU
	EndGlobalSection
	GlobalSection(SolutionProperties) = preSolution
		HideSolutionNode = FALSE
	EndGlobalSection
	GlobalSection(ExtensibilityGlobals) = postSolution
		SolutionGuid = {FBCABC15-E738-4DC4-9961-F2221811C817}
	EndGlobalSection
EndGlobal
